// !$*UTF8*$!
{
	archiveVersion = 1;
	classes = {
	};
	objectVersion = 56;
	objects = {

/* Begin PBXBuildFile section */
		F2C44B872B9201190035198D /* ReSwiftUIApp.swift in Sources */ = {isa = PBXBuildFile; fileRef = F2C44B862B9201190035198D /* ReSwiftUIApp.swift */; };
		F2C44B8B2B92011B0035198D /* Assets.xcassets in Resources */ = {isa = PBXBuildFile; fileRef = F2C44B8A2B92011B0035198D /* Assets.xcassets */; };
		F2C44B8F2B92011B0035198D /* Preview Assets.xcassets in Resources */ = {isa = PBXBuildFile; fileRef = F2C44B8E2B92011B0035198D /* Preview Assets.xcassets */; };
		F2C44B972B9201470035198D /* ReSwift in Frameworks */ = {isa = PBXBuildFile; productRef = F2C44B962B9201470035198D /* ReSwift */; };
		F2C44B9A2B9201640035198D /* StoreHostingController.swift in Sources */ = {isa = PBXBuildFile; fileRef = F2C44B992B9201640035198D /* StoreHostingController.swift */; };
		F2C44B9D2B92018C0035198D /* ObservableState.swift in Sources */ = {isa = PBXBuildFile; fileRef = F2C44B9C2B92018C0035198D /* ObservableState.swift */; };
		F2C44B9F2B92019E0035198D /* RootState.swift in Sources */ = {isa = PBXBuildFile; fileRef = F2C44B9E2B92019E0035198D /* RootState.swift */; };
		F2C44BA12B9201BF0035198D /* NavigationState.swift in Sources */ = {isa = PBXBuildFile; fileRef = F2C44BA02B9201BF0035198D /* NavigationState.swift */; };
		F2C44BA32B9202790035198D /* AppDelegate.swift in Sources */ = {isa = PBXBuildFile; fileRef = F2C44BA22B9202790035198D /* AppDelegate.swift */; };
		F2C44BA52B9202840035198D /* AppRouter.swift in Sources */ = {isa = PBXBuildFile; fileRef = F2C44BA42B9202840035198D /* AppRouter.swift */; };
		F2C44BA72B9202B10035198D /* NumberState.swift in Sources */ = {isa = PBXBuildFile; fileRef = F2C44BA62B9202B10035198D /* NumberState.swift */; };
		F2C44BAA2B9203000035198D /* RootReducer.swift in Sources */ = {isa = PBXBuildFile; fileRef = F2C44BA92B9203000035198D /* RootReducer.swift */; };
		F2C44BAC2B92033A0035198D /* NavigationReducer.swift in Sources */ = {isa = PBXBuildFile; fileRef = F2C44BAB2B92033A0035198D /* NavigationReducer.swift */; };
		F2C44BAF2B92036D0035198D /* NavigationActions.swift in Sources */ = {isa = PBXBuildFile; fileRef = F2C44BAE2B92036D0035198D /* NavigationActions.swift */; };
		F2C44BB12B92038D0035198D /* NumberReducer.swift in Sources */ = {isa = PBXBuildFile; fileRef = F2C44BB02B92038D0035198D /* NumberReducer.swift */; };
		F2C44BB32B9203940035198D /* NumberActions.swift in Sources */ = {isa = PBXBuildFile; fileRef = F2C44BB22B9203940035198D /* NumberActions.swift */; };
		F2C44BB52B9204990035198D /* FirstView.swift in Sources */ = {isa = PBXBuildFile; fileRef = F2C44BB42B9204990035198D /* FirstView.swift */; };
		F2C44BB72B9204A00035198D /* SecondView.swift in Sources */ = {isa = PBXBuildFile; fileRef = F2C44BB62B9204A00035198D /* SecondView.swift */; };
		F2C44BBA2B9205EC0035198D /* Extensions.swift in Sources */ = {isa = PBXBuildFile; fileRef = F2C44BB92B9205EC0035198D /* Extensions.swift */; };
/* End PBXBuildFile section */

/* Begin PBXFileReference section */
		F2C44B832B9201190035198D /* ReSwiftUI.app */ = {isa = PBXFileReference; explicitFileType = wrapper.application; includeInIndex = 0; path = ReSwiftUI.app; sourceTree = BUILT_PRODUCTS_DIR; };
		F2C44B862B9201190035198D /* ReSwiftUIApp.swift */ = {isa = PBXFileReference; lastKnownFileType = sourcecode.swift; path = ReSwiftUIApp.swift; sourceTree = "<group>"; };
		F2C44B8A2B92011B0035198D /* Assets.xcassets */ = {isa = PBXFileReference; lastKnownFileType = folder.assetcatalog; path = Assets.xcassets; sourceTree = "<group>"; };
		F2C44B8C2B92011B0035198D /* ReSwiftUI.entitlements */ = {isa = PBXFileReference; lastKnownFileType = text.plist.entitlements; path = ReSwiftUI.entitlements; sourceTree = "<group>"; };
		F2C44B8E2B92011B0035198D /* Preview Assets.xcassets */ = {isa = PBXFileReference; lastKnownFileType = folder.assetcatalog; path = "Preview Assets.xcassets"; sourceTree = "<group>"; };
		F2C44B992B9201640035198D /* StoreHostingController.swift */ = {isa = PBXFileReference; lastKnownFileType = sourcecode.swift; path = StoreHostingController.swift; sourceTree = "<group>"; };
		F2C44B9C2B92018C0035198D /* ObservableState.swift */ = {isa = PBXFileReference; lastKnownFileType = sourcecode.swift; path = ObservableState.swift; sourceTree = "<group>"; };
		F2C44B9E2B92019E0035198D /* RootState.swift */ = {isa = PBXFileReference; lastKnownFileType = sourcecode.swift; path = RootState.swift; sourceTree = "<group>"; };
		F2C44BA02B9201BF0035198D /* NavigationState.swift */ = {isa = PBXFileReference; lastKnownFileType = sourcecode.swift; path = NavigationState.swift; sourceTree = "<group>"; };
		F2C44BA22B9202790035198D /* AppDelegate.swift */ = {isa = PBXFileReference; lastKnownFileType = sourcecode.swift; path = AppDelegate.swift; sourceTree = "<group>"; };
		F2C44BA42B9202840035198D /* AppRouter.swift */ = {isa = PBXFileReference; lastKnownFileType = sourcecode.swift; path = AppRouter.swift; sourceTree = "<group>"; };
		F2C44BA62B9202B10035198D /* NumberState.swift */ = {isa = PBXFileReference; lastKnownFileType = sourcecode.swift; path = NumberState.swift; sourceTree = "<group>"; };
		F2C44BA92B9203000035198D /* RootReducer.swift */ = {isa = PBXFileReference; lastKnownFileType = sourcecode.swift; path = RootReducer.swift; sourceTree = "<group>"; };
		F2C44BAB2B92033A0035198D /* NavigationReducer.swift */ = {isa = PBXFileReference; lastKnownFileType = sourcecode.swift; path = NavigationReducer.swift; sourceTree = "<group>"; };
		F2C44BAE2B92036D0035198D /* NavigationActions.swift */ = {isa = PBXFileReference; lastKnownFileType = sourcecode.swift; path = NavigationActions.swift; sourceTree = "<group>"; };
		F2C44BB02B92038D0035198D /* NumberReducer.swift */ = {isa = PBXFileReference; lastKnownFileType = sourcecode.swift; path = NumberReducer.swift; sourceTree = "<group>"; };
		F2C44BB22B9203940035198D /* NumberActions.swift */ = {isa = PBXFileReference; lastKnownFileType = sourcecode.swift; path = NumberActions.swift; sourceTree = "<group>"; };
		F2C44BB42B9204990035198D /* FirstView.swift */ = {isa = PBXFileReference; lastKnownFileType = sourcecode.swift; path = FirstView.swift; sourceTree = "<group>"; };
		F2C44BB62B9204A00035198D /* SecondView.swift */ = {isa = PBXFileReference; lastKnownFileType = sourcecode.swift; path = SecondView.swift; sourceTree = "<group>"; };
		F2C44BB92B9205EC0035198D /* Extensions.swift */ = {isa = PBXFileReference; lastKnownFileType = sourcecode.swift; path = Extensions.swift; sourceTree = "<group>"; };
/* End PBXFileReference section */

/* Begin PBXFrameworksBuildPhase section */
		F2C44B802B9201190035198D /* Frameworks */ = {
			isa = PBXFrameworksBuildPhase;
			buildActionMask = 2147483647;
			files = (
				F2C44B972B9201470035198D /* ReSwift in Frameworks */,
			);
			runOnlyForDeploymentPostprocessing = 0;
		};
/* End PBXFrameworksBuildPhase section */

/* Begin PBXGroup section */
		F2C44B7A2B9201190035198D = {
			isa = PBXGroup;
			children = (
				F2C44B852B9201190035198D /* ReSwiftUI */,
				F2C44B842B9201190035198D /* Products */,
			);
			sourceTree = "<group>";
		};
		F2C44B842B9201190035198D /* Products */ = {
			isa = PBXGroup;
			children = (
				F2C44B832B9201190035198D /* ReSwiftUI.app */,
			);
			name = Products;
			sourceTree = "<group>";
		};
		F2C44B852B9201190035198D /* ReSwiftUI */ = {
			isa = PBXGroup;
			children = (
				F2C44BAD2B92035D0035198D /* Actions */,
				F2C44BA82B9202F30035198D /* Reducers */,
				F2C44B9B2B9201820035198D /* State */,
				F2C44B982B9201560035198D /* Views */,
				F2C44BB82B9205DC0035198D /* Utils */,
				F2C44BA42B9202840035198D /* AppRouter.swift */,
				F2C44BA22B9202790035198D /* AppDelegate.swift */,
				F2C44B862B9201190035198D /* ReSwiftUIApp.swift */,
				F2C44B8A2B92011B0035198D /* Assets.xcassets */,
				F2C44B8C2B92011B0035198D /* ReSwiftUI.entitlements */,
				F2C44B8D2B92011B0035198D /* Preview Content */,
			);
			path = ReSwiftUI;
			sourceTree = "<group>";
		};
		F2C44B8D2B92011B0035198D /* Preview Content */ = {
			isa = PBXGroup;
			children = (
				F2C44B8E2B92011B0035198D /* Preview Assets.xcassets */,
			);
			path = "Preview Content";
			sourceTree = "<group>";
		};
		F2C44B982B9201560035198D /* Views */ = {
			isa = PBXGroup;
			children = (
				F2C44B992B9201640035198D /* StoreHostingController.swift */,
				F2C44BB42B9204990035198D /* FirstView.swift */,
				F2C44BB62B9204A00035198D /* SecondView.swift */,
			);
			path = Views;
			sourceTree = "<group>";
		};
		F2C44B9B2B9201820035198D /* State */ = {
			isa = PBXGroup;
			children = (
				F2C44B9C2B92018C0035198D /* ObservableState.swift */,
				F2C44B9E2B92019E0035198D /* RootState.swift */,
				F2C44BA02B9201BF0035198D /* NavigationState.swift */,
				F2C44BA62B9202B10035198D /* NumberState.swift */,
			);
			path = State;
			sourceTree = "<group>";
		};
		F2C44BA82B9202F30035198D /* Reducers */ = {
			isa = PBXGroup;
			children = (
				F2C44BA92B9203000035198D /* RootReducer.swift */,
				F2C44BAB2B92033A0035198D /* NavigationReducer.swift */,
				F2C44BB02B92038D0035198D /* NumberReducer.swift */,
			);
			path = Reducers;
			sourceTree = "<group>";
		};
		F2C44BAD2B92035D0035198D /* Actions */ = {
			isa = PBXGroup;
			children = (
				F2C44BAE2B92036D0035198D /* NavigationActions.swift */,
				F2C44BB22B9203940035198D /* NumberActions.swift */,
			);
			path = Actions;
			sourceTree = "<group>";
		};
		F2C44BB82B9205DC0035198D /* Utils */ = {
			isa = PBXGroup;
			children = (
				F2C44BB92B9205EC0035198D /* Extensions.swift */,
			);
			path = Utils;
			sourceTree = "<group>";
		};
/* End PBXGroup section */

/* Begin PBXNativeTarget section */
		F2C44B822B9201190035198D /* ReSwiftUI */ = {
			isa = PBXNativeTarget;
			buildConfigurationList = F2C44B922B92011B0035198D /* Build configuration list for PBXNativeTarget "ReSwiftUI" */;
			buildPhases = (
				F2C44B7F2B9201190035198D /* Sources */,
				F2C44B802B9201190035198D /* Frameworks */,
				F2C44B812B9201190035198D /* Resources */,
			);
			buildRules = (
			);
			dependencies = (
			);
			name = ReSwiftUI;
			packageProductDependencies = (
				F2C44B962B9201470035198D /* ReSwift */,
			);
			productName = ReSwiftUI;
			productReference = F2C44B832B9201190035198D /* ReSwiftUI.app */;
			productType = "com.apple.product-type.application";
		};
/* End PBXNativeTarget section */

/* Begin PBXProject section */
		F2C44B7B2B9201190035198D /* Project object */ = {
			isa = PBXProject;
			attributes = {
				BuildIndependentTargetsInParallel = 1;
				LastSwiftUpdateCheck = 1500;
				LastUpgradeCheck = 1500;
				TargetAttributes = {
					F2C44B822B9201190035198D = {
						CreatedOnToolsVersion = 15.0;
					};
				};
			};
			buildConfigurationList = F2C44B7E2B9201190035198D /* Build configuration list for PBXProject "ReSwiftUI" */;
			compatibilityVersion = "Xcode 14.0";
			developmentRegion = en;
			hasScannedForEncodings = 0;
			knownRegions = (
				en,
				Base,
			);
			mainGroup = F2C44B7A2B9201190035198D;
			packageReferences = (
				F2C44B952B9201470035198D /* XCRemoteSwiftPackageReference "ReSwift" */,
			);
			productRefGroup = F2C44B842B9201190035198D /* Products */;
			projectDirPath = "";
			projectRoot = "";
			targets = (
				F2C44B822B9201190035198D /* ReSwiftUI */,
			);
		};
/* End PBXProject section */

/* Begin PBXResourcesBuildPhase section */
		F2C44B812B9201190035198D /* Resources */ = {
			isa = PBXResourcesBuildPhase;
			buildActionMask = 2147483647;
			files = (
				F2C44B8F2B92011B0035198D /* Preview Assets.xcassets in Resources */,
				F2C44B8B2B92011B0035198D /* Assets.xcassets in Resources */,
			);
			runOnlyForDeploymentPostprocessing = 0;
		};
/* End PBXResourcesBuildPhase section */

/* Begin PBXSourcesBuildPhase section */
		F2C44B7F2B9201190035198D /* Sources */ = {
			isa = PBXSourcesBuildPhase;
			buildActionMask = 2147483647;
			files = (
				F2C44BB12B92038D0035198D /* NumberReducer.swift in Sources */,
				F2C44BB52B9204990035198D /* FirstView.swift in Sources */,
				F2C44BB72B9204A00035198D /* SecondView.swift in Sources */,
				F2C44B9F2B92019E0035198D /* RootState.swift in Sources */,
				F2C44BA12B9201BF0035198D /* NavigationState.swift in Sources */,
				F2C44BAA2B9203000035198D /* RootReducer.swift in Sources */,
				F2C44BA72B9202B10035198D /* NumberState.swift in Sources */,
				F2C44BB32B9203940035198D /* NumberActions.swift in Sources */,
				F2C44BAC2B92033A0035198D /* NavigationReducer.swift in Sources */,
				F2C44B9A2B9201640035198D /* StoreHostingController.swift in Sources */,
				F2C44BAF2B92036D0035198D /* NavigationActions.swift in Sources */,
				F2C44BA52B9202840035198D /* AppRouter.swift in Sources */,
				F2C44BA32B9202790035198D /* AppDelegate.swift in Sources */,
				F2C44BBA2B9205EC0035198D /* Extensions.swift in Sources */,
				F2C44B9D2B92018C0035198D /* ObservableState.swift in Sources */,
				F2C44B872B9201190035198D /* ReSwiftUIApp.swift in Sources */,
			);
			runOnlyForDeploymentPostprocessing = 0;
		};
/* End PBXSourcesBuildPhase section */

/* Begin XCBuildConfiguration section */
		F2C44B902B92011B0035198D /* Debug */ = {
			isa = XCBuildConfiguration;
			buildSettings = {
				ALWAYS_SEARCH_USER_PATHS = NO;
				ASSETCATALOG_COMPILER_GENERATE_SWIFT_ASSET_SYMBOL_EXTENSIONS = YES;
				CLANG_ANALYZER_NONNULL = YES;
				CLANG_ANALYZER_NUMBER_OBJECT_CONVERSION = YES_AGGRESSIVE;
				CLANG_CXX_LANGUAGE_STANDARD = "gnu++20";
				CLANG_ENABLE_MODULES = YES;
				CLANG_ENABLE_OBJC_ARC = YES;
				CLANG_ENABLE_OBJC_WEAK = YES;
				CLANG_WARN_BLOCK_CAPTURE_AUTORELEASING = YES;
				CLANG_WARN_BOOL_CONVERSION = YES;
				CLANG_WARN_COMMA = YES;
				CLANG_WARN_CONSTANT_CONVERSION = YES;
				CLANG_WARN_DEPRECATED_OBJC_IMPLEMENTATIONS = YES;
				CLANG_WARN_DIRECT_OBJC_ISA_USAGE = YES_ERROR;
				CLANG_WARN_DOCUMENTATION_COMMENTS = YES;
				CLANG_WARN_EMPTY_BODY = YES;
				CLANG_WARN_ENUM_CONVERSION = YES;
				CLANG_WARN_INFINITE_RECURSION = YES;
				CLANG_WARN_INT_CONVERSION = YES;
				CLANG_WARN_NON_LITERAL_NULL_CONVERSION = YES;
				CLANG_WARN_OBJC_IMPLICIT_RETAIN_SELF = YES;
				CLANG_WARN_OBJC_LITERAL_CONVERSION = YES;
				CLANG_WARN_OBJC_ROOT_CLASS = YES_ERROR;
				CLANG_WARN_QUOTED_INCLUDE_IN_FRAMEWORK_HEADER = YES;
				CLANG_WARN_RANGE_LOOP_ANALYSIS = YES;
				CLANG_WARN_STRICT_PROTOTYPES = YES;
				CLANG_WARN_SUSPICIOUS_MOVE = YES;
				CLANG_WARN_UNGUARDED_AVAILABILITY = YES_AGGRESSIVE;
				CLANG_WARN_UNREACHABLE_CODE = YES;
				CLANG_WARN__DUPLICATE_METHOD_MATCH = YES;
				COPY_PHASE_STRIP = NO;
				DEBUG_INFORMATION_FORMAT = dwarf;
				ENABLE_STRICT_OBJC_MSGSEND = YES;
				ENABLE_TESTABILITY = YES;
				ENABLE_USER_SCRIPT_SANDBOXING = YES;
				GCC_C_LANGUAGE_STANDARD = gnu17;
				GCC_DYNAMIC_NO_PIC = NO;
				GCC_NO_COMMON_BLOCKS = YES;
				GCC_OPTIMIZATION_LEVEL = 0;
				GCC_PREPROCESSOR_DEFINITIONS = (
					"DEBUG=1",
					"$(inherited)",
				);
				GCC_WARN_64_TO_32_BIT_CONVERSION = YES;
				GCC_WARN_ABOUT_RETURN_TYPE = YES_ERROR;
				GCC_WARN_UNDECLARED_SELECTOR = YES;
				GCC_WARN_UNINITIALIZED_AUTOS = YES_AGGRESSIVE;
				GCC_WARN_UNUSED_FUNCTION = YES;
				GCC_WARN_UNUSED_VARIABLE = YES;
				LOCALIZATION_PREFERS_STRING_CATALOGS = YES;
				MTL_ENABLE_DEBUG_INFO = INCLUDE_SOURCE;
				MTL_FAST_MATH = YES;
				ONLY_ACTIVE_ARCH = YES;
				SWIFT_ACTIVE_COMPILATION_CONDITIONS = "DEBUG $(inherited)";
				SWIFT_OPTIMIZATION_LEVEL = "-Onone";
			};
			name = Debug;
		};
		F2C44B912B92011B0035198D /* Release */ = {
			isa = XCBuildConfiguration;
			buildSettings = {
				ALWAYS_SEARCH_USER_PATHS = NO;
				ASSETCATALOG_COMPILER_GENERATE_SWIFT_ASSET_SYMBOL_EXTENSIONS = YES;
				CLANG_ANALYZER_NONNULL = YES;
				CLANG_ANALYZER_NUMBER_OBJECT_CONVERSION = YES_AGGRESSIVE;
				CLANG_CXX_LANGUAGE_STANDARD = "gnu++20";
				CLANG_ENABLE_MODULES = YES;
				CLANG_ENABLE_OBJC_ARC = YES;
				CLANG_ENABLE_OBJC_WEAK = YES;
				CLANG_WARN_BLOCK_CAPTURE_AUTORELEASING = YES;
				CLANG_WARN_BOOL_CONVERSION = YES;
				CLANG_WARN_COMMA = YES;
				CLANG_WARN_CONSTANT_CONVERSION = YES;
				CLANG_WARN_DEPRECATED_OBJC_IMPLEMENTATIONS = YES;
				CLANG_WARN_DIRECT_OBJC_ISA_USAGE = YES_ERROR;
				CLANG_WARN_DOCUMENTATION_COMMENTS = YES;
				CLANG_WARN_EMPTY_BODY = YES;
				CLANG_WARN_ENUM_CONVERSION = YES;
				CLANG_WARN_INFINITE_RECURSION = YES;
				CLANG_WARN_INT_CONVERSION = YES;
				CLANG_WARN_NON_LITERAL_NULL_CONVERSION = YES;
				CLANG_WARN_OBJC_IMPLICIT_RETAIN_SELF = YES;
				CLANG_WARN_OBJC_LITERAL_CONVERSION = YES;
				CLANG_WARN_OBJC_ROOT_CLASS = YES_ERROR;
				CLANG_WARN_QUOTED_INCLUDE_IN_FRAMEWORK_HEADER = YES;
				CLANG_WARN_RANGE_LOOP_ANALYSIS = YES;
				CLANG_WARN_STRICT_PROTOTYPES = YES;
				CLANG_WARN_SUSPICIOUS_MOVE = YES;
				CLANG_WARN_UNGUARDED_AVAILABILITY = YES_AGGRESSIVE;
				CLANG_WARN_UNREACHABLE_CODE = YES;
				CLANG_WARN__DUPLICATE_METHOD_MATCH = YES;
				COPY_PHASE_STRIP = NO;
				DEBUG_INFORMATION_FORMAT = "dwarf-with-dsym";
				ENABLE_NS_ASSERTIONS = NO;
				ENABLE_STRICT_OBJC_MSGSEND = YES;
				ENABLE_USER_SCRIPT_SANDBOXING = YES;
				GCC_C_LANGUAGE_STANDARD = gnu17;
				GCC_NO_COMMON_BLOCKS = YES;
				GCC_WARN_64_TO_32_BIT_CONVERSION = YES;
				GCC_WARN_ABOUT_RETURN_TYPE = YES_ERROR;
				GCC_WARN_UNDECLARED_SELECTOR = YES;
				GCC_WARN_UNINITIALIZED_AUTOS = YES_AGGRESSIVE;
				GCC_WARN_UNUSED_FUNCTION = YES;
				GCC_WARN_UNUSED_VARIABLE = YES;
				LOCALIZATION_PREFERS_STRING_CATALOGS = YES;
				MTL_ENABLE_DEBUG_INFO = NO;
				MTL_FAST_MATH = YES;
				SWIFT_COMPILATION_MODE = wholemodule;
			};
			name = Release;
		};
		F2C44B932B92011B0035198D /* Debug */ = {
			isa = XCBuildConfiguration;
			buildSettings = {
				ASSETCATALOG_COMPILER_APPICON_NAME = AppIcon;
				ASSETCATALOG_COMPILER_GLOBAL_ACCENT_COLOR_NAME = AccentColor;
				CODE_SIGN_ENTITLEMENTS = ReSwiftUI/ReSwiftUI.entitlements;
				CODE_SIGN_STYLE = Automatic;
				CURRENT_PROJECT_VERSION = 1;
				DEVELOPMENT_ASSET_PATHS = "\"ReSwiftUI/Preview Content\"";
				DEVELOPMENT_TEAM = LZB8X3995T;
				ENABLE_HARDENED_RUNTIME = YES;
				ENABLE_PREVIEWS = YES;
				GENERATE_INFOPLIST_FILE = YES;
				"INFOPLIST_KEY_UIApplicationSceneManifest_Generation[sdk=iphoneos*]" = YES;
				"INFOPLIST_KEY_UIApplicationSceneManifest_Generation[sdk=iphonesimulator*]" = YES;
				"INFOPLIST_KEY_UIApplicationSupportsIndirectInputEvents[sdk=iphoneos*]" = YES;
				"INFOPLIST_KEY_UIApplicationSupportsIndirectInputEvents[sdk=iphonesimulator*]" = YES;
				"INFOPLIST_KEY_UILaunchScreen_Generation[sdk=iphoneos*]" = YES;
				"INFOPLIST_KEY_UILaunchScreen_Generation[sdk=iphonesimulator*]" = YES;
				"INFOPLIST_KEY_UIStatusBarStyle[sdk=iphoneos*]" = UIStatusBarStyleDefault;
				"INFOPLIST_KEY_UIStatusBarStyle[sdk=iphonesimulator*]" = UIStatusBarStyleDefault;
				INFOPLIST_KEY_UISupportedInterfaceOrientations_iPad = "UIInterfaceOrientationPortrait UIInterfaceOrientationPortraitUpsideDown UIInterfaceOrientationLandscapeLeft UIInterfaceOrientationLandscapeRight";
				INFOPLIST_KEY_UISupportedInterfaceOrientations_iPhone = "UIInterfaceOrientationPortrait UIInterfaceOrientationLandscapeLeft UIInterfaceOrientationLandscapeRight";
				IPHONEOS_DEPLOYMENT_TARGET = 17.0;
				LD_RUNPATH_SEARCH_PATHS = "@executable_path/Frameworks";
				"LD_RUNPATH_SEARCH_PATHS[sdk=macosx*]" = "@executable_path/../Frameworks";
				MACOSX_DEPLOYMENT_TARGET = 13.6;
				MARKETING_VERSION = 1.0;
				PRODUCT_BUNDLE_IDENTIFIER = com.kim.ReSwiftUI;
				PRODUCT_NAME = "$(TARGET_NAME)";
				SDKROOT = auto;
				SUPPORTED_PLATFORMS = "iphoneos iphonesimulator macosx";
				SWIFT_EMIT_LOC_STRINGS = YES;
				SWIFT_VERSION = 5.0;
				TARGETED_DEVICE_FAMILY = "1,2";
			};
			name = Debug;
		};
		F2C44B942B92011B0035198D /* Release */ = {
			isa = XCBuildConfiguration;
			buildSettings = {
				ASSETCATALOG_COMPILER_APPICON_NAME = AppIcon;
				ASSETCATALOG_COMPILER_GLOBAL_ACCENT_COLOR_NAME = AccentColor;
				CODE_SIGN_ENTITLEMENTS = ReSwiftUI/ReSwiftUI.entitlements;
				CODE_SIGN_STYLE = Automatic;
				CURRENT_PROJECT_VERSION = 1;
				DEVELOPMENT_ASSET_PATHS = "\"ReSwiftUI/Preview Content\"";
				DEVELOPMENT_TEAM = LZB8X3995T;
				ENABLE_HARDENED_RUNTIME = YES;
				ENABLE_PREVIEWS = YES;
				GENERATE_INFOPLIST_FILE = YES;
				"INFOPLIST_KEY_UIApplicationSceneManifest_Generation[sdk=iphoneos*]" = YES;
				"INFOPLIST_KEY_UIApplicationSceneManifest_Generation[sdk=iphonesimulator*]" = YES;
				"INFOPLIST_KEY_UIApplicationSupportsIndirectInputEvents[sdk=iphoneos*]" = YES;
				"INFOPLIST_KEY_UIApplicationSupportsIndirectInputEvents[sdk=iphonesimulator*]" = YES;
				"INFOPLIST_KEY_UILaunchScreen_Generation[sdk=iphoneos*]" = YES;
				"INFOPLIST_KEY_UILaunchScreen_Generation[sdk=iphonesimulator*]" = YES;
				"INFOPLIST_KEY_UIStatusBarStyle[sdk=iphoneos*]" = UIStatusBarStyleDefault;
				"INFOPLIST_KEY_UIStatusBarStyle[sdk=iphonesimulator*]" = UIStatusBarStyleDefault;
				INFOPLIST_KEY_UISupportedInterfaceOrientations_iPad = "UIInterfaceOrientationPortrait UIInterfaceOrientationPortraitUpsideDown UIInterfaceOrientationLandscapeLeft UIInterfaceOrientationLandscapeRight";
				INFOPLIST_KEY_UISupportedInterfaceOrientations_iPhone = "UIInterfaceOrientationPortrait UIInterfaceOrientationLandscapeLeft UIInterfaceOrientationLandscapeRight";
				IPHONEOS_DEPLOYMENT_TARGET = 17.0;
				LD_RUNPATH_SEARCH_PATHS = "@executable_path/Frameworks";
				"LD_RUNPATH_SEARCH_PATHS[sdk=macosx*]" = "@executable_path/../Frameworks";
				MACOSX_DEPLOYMENT_TARGET = 13.6;
				MARKETING_VERSION = 1.0;
				PRODUCT_BUNDLE_IDENTIFIER = com.kim.ReSwiftUI;
				PRODUCT_NAME = "$(TARGET_NAME)";
				SDKROOT = auto;
				SUPPORTED_PLATFORMS = "iphoneos iphonesimulator macosx";
				SWIFT_EMIT_LOC_STRINGS = YES;
				SWIFT_VERSION = 5.0;
				TARGETED_DEVICE_FAMILY = "1,2";
			};
			name = Release;
		};
/* End XCBuildConfiguration section */

/* Begin XCConfigurationList section */
		F2C44B7E2B9201190035198D /* Build configuration list for PBXProject "ReSwiftUI" */ = {
			isa = XCConfigurationList;
			buildConfigurations = (
				F2C44B902B92011B0035198D /* Debug */,
				F2C44B912B92011B0035198D /* Release */,
			);
			defaultConfigurationIsVisible = 0;
			defaultConfigurationName = Release;
		};
		F2C44B922B92011B0035198D /* Build configuration list for PBXNativeTarget "ReSwiftUI" */ = {
			isa = XCConfigurationList;
			buildConfigurations = (
				F2C44B932B92011B0035198D /* Debug */,
				F2C44B942B92011B0035198D /* Release */,
			);
			defaultConfigurationIsVisible = 0;
			defaultConfigurationName = Release;
		};
/* End XCConfigurationList section */

/* Begin XCRemoteSwiftPackageReference section */
		F2C44B952B9201470035198D /* XCRemoteSwiftPackageReference "ReSwift" */ = {
			isa = XCRemoteSwiftPackageReference;
			repositoryURL = "https://github.com/ReSwift/ReSwift.git";
			requirement = {
				kind = exactVersion;
				version = 6.0.0;
			};
		};
/* End XCRemoteSwiftPackageReference section */

/* Begin XCSwiftPackageProductDependency section */
		F2C44B962B9201470035198D /* ReSwift */ = {
			isa = XCSwiftPackageProductDependency;
			package = F2C44B952B9201470035198D /* XCRemoteSwiftPackageReference "ReSwift" */;
			productName = ReSwift;
		};
/* End XCSwiftPackageProductDependency section */
	};
	rootObject = F2C44B7B2B9201190035198D /* Project object */;
}
